
Microsoft Visual Studio Solution File, Format Version 12.00
# Visual Studio 15
VisualStudioVersion = 15.0.26124.0
MinimumVisualStudioVersion = 15.0.26124.0
Project("{2150E333-8FDC-42A3-9474-1A3956D46DE8}") = "src", "src", "{2F102156-8D2C-4502-ADF3-C181063D2ECB}"
EndProject
Project("{FAE04EC0-301F-11D3-BF4B-00C04F79EFBC}") = "IdentityServer", "src\IdentityServer\IdentityServer.csproj", "{4D14C6B1-39A8-4306-A3CE-03EE72A9C85C}"
EndProject
Project("{FAE04EC0-301F-11D3-BF4B-00C04F79EFBC}") = "Api", "src\Api\Api.csproj", "{121F8884-5570-40A9-86E3-48D3D6F33E8C}"
EndProject
Project("{FAE04EC0-301F-11D3-BF4B-00C04F79EFBC}") = "Client", "src\Client\Client.csproj", "{D8CC1B24-F096-450A-AD71-B283A8F3B1AA}"
EndProject
Project("{FAE04EC0-301F-11D3-BF4B-00C04F79EFBC}") = "MvcClient", "src\MvcClient\MvcClient.csproj", "{6ECB03FB-B515-4BDA-BE0F-AD77BB450071}"
EndProject
Global
	GlobalSection(SolutionConfigurationPlatforms) = preSolution
		Debug|Any CPU = Debug|Any CPU
		Debug|x64 = Debug|x64
		Debug|x86 = Debug|x86
		Release|Any CPU = Release|Any CPU
		Release|x64 = Release|x64
		Release|x86 = Release|x86
	EndGlobalSection
	GlobalSection(SolutionProperties) = preSolution
		HideSolutionNode = FALSE
	EndGlobalSection
	GlobalSection(ProjectConfigurationPlatforms) = postSolution
		{4D14C6B1-39A8-4306-A3CE-03EE72A9C85C}.Debug|Any CPU.ActiveCfg = Debug|Any CPU
		{4D14C6B1-39A8-4306-A3CE-03EE72A9C85C}.Debug|Any CPU.Build.0 = Debug|Any CPU
		{4D14C6B1-39A8-4306-A3CE-03EE72A9C85C}.Debug|x64.ActiveCfg = Debug|Any CPU
		{4D14C6B1-39A8-4306-A3CE-03EE72A9C85C}.Debug|x64.Build.0 = Debug|Any CPU
		{4D14C6B1-39A8-4306-A3CE-03EE72A9C85C}.Debug|x86.ActiveCfg = Debug|Any CPU
		{4D14C6B1-39A8-4306-A3CE-03EE72A9C85C}.Debug|x86.Build.0 = Debug|Any CPU
		{4D14C6B1-39A8-4306-A3CE-03EE72A9C85C}.Release|Any CPU.ActiveCfg = Release|Any CPU
		{4D14C6B1-39A8-4306-A3CE-03EE72A9C85C}.Release|Any CPU.Build.0 = Release|Any CPU
		{4D14C6B1-39A8-4306-A3CE-03EE72A9C85C}.Release|x64.ActiveCfg = Release|Any CPU
		{4D14C6B1-39A8-4306-A3CE-03EE72A9C85C}.Release|x64.Build.0 = Release|Any CPU
		{4D14C6B1-39A8-4306-A3CE-03EE72A9C85C}.Release|x86.ActiveCfg = Release|Any CPU
		{4D14C6B1-39A8-4306-A3CE-03EE72A9C85C}.Release|x86.Build.0 = Release|Any CPU
		{121F8884-5570-40A9-86E3-48D3D6F33E8C}.Debug|Any CPU.ActiveCfg = Debug|Any CPU
		{121F8884-5570-40A9-86E3-48D3D6F33E8C}.Debug|Any CPU.Build.0 = Debug|Any CPU
		{121F8884-5570-40A9-86E3-48D3D6F33E8C}.Debug|x64.ActiveCfg = Debug|Any CPU
		{121F8884-5570-40A9-86E3-48D3D6F33E8C}.Debug|x64.Build.0 = Debug|Any CPU
		{121F8884-5570-40A9-86E3-48D3D6F33E8C}.Debug|x86.ActiveCfg = Debug|Any CPU
		{121F8884-5570-40A9-86E3-48D3D6F33E8C}.Debug|x86.Build.0 = Debug|Any CPU
		{121F8884-5570-40A9-86E3-48D3D6F33E8C}.Release|Any CPU.ActiveCfg = Release|Any CPU
		{121F8884-5570-40A9-86E3-48D3D6F33E8C}.Release|Any CPU.Build.0 = Release|Any CPU
		{121F8884-5570-40A9-86E3-48D3D6F33E8C}.Release|x64.ActiveCfg = Release|Any CPU
		{121F8884-5570-40A9-86E3-48D3D6F33E8C}.Release|x64.Build.0 = Release|Any CPU
		{121F8884-5570-40A9-86E3-48D3D6F33E8C}.Release|x86.ActiveCfg = Release|Any CPU
		{121F8884-5570-40A9-86E3-48D3D6F33E8C}.Release|x86.Build.0 = Release|Any CPU
		{D8CC1B24-F096-450A-AD71-B283A8F3B1AA}.Debug|Any CPU.ActiveCfg = Debug|Any CPU
		{D8CC1B24-F096-450A-AD71-B283A8F3B1AA}.Debug|Any CPU.Build.0 = Debug|Any CPU
		{D8CC1B24-F096-450A-AD71-B283A8F3B1AA}.Debug|x64.ActiveCfg = Debug|Any CPU
		{D8CC1B24-F096-450A-AD71-B283A8F3B1AA}.Debug|x64.Build.0 = Debug|Any CPU
		{D8CC1B24-F096-450A-AD71-B283A8F3B1AA}.Debug|x86.ActiveCfg = Debug|Any CPU
		{D8CC1B24-F096-450A-AD71-B283A8F3B1AA}.Debug|x86.Build.0 = Debug|Any CPU
		{D8CC1B24-F096-450A-AD71-B283A8F3B1AA}.Release|Any CPU.ActiveCfg = Release|Any CPU
		{D8CC1B24-F096-450A-AD71-B283A8F3B1AA}.Release|Any CPU.Build.0 = Release|Any CPU
		{D8CC1B24-F096-450A-AD71-B283A8F3B1AA}.Release|x64.ActiveCfg = Release|Any CPU
		{D8CC1B24-F096-450A-AD71-B283A8F3B1AA}.Release|x64.Build.0 = Release|Any CPU
		{D8CC1B24-F096-450A-AD71-B283A8F3B1AA}.Release|x86.ActiveCfg = Release|Any CPU
		{D8CC1B24-F096-450A-AD71-B283A8F3B1AA}.Release|x86.Build.0 = Release|Any CPU
		{6ECB03FB-B515-4BDA-BE0F-AD77BB450071}.Debug|Any CPU.ActiveCfg = Debug|Any CPU
		{6ECB03FB-B515-4BDA-BE0F-AD77BB450071}.Debug|Any CPU.Build.0 = Debug|Any CPU
		{6ECB03FB-B515-4BDA-BE0F-AD77BB450071}.Debug|x64.ActiveCfg = Debug|Any CPU
		{6ECB03FB-B515-4BDA-BE0F-AD77BB450071}.Debug|x64.Build.0 = Debug|Any CPU
		{6ECB03FB-B515-4BDA-BE0F-AD77BB450071}.Debug|x86.ActiveCfg = Debug|Any CPU
		{6ECB03FB-B515-4BDA-BE0F-AD77BB450071}.Debug|x86.Build.0 = Debug|Any CPU
		{6ECB03FB-B515-4BDA-BE0F-AD77BB450071}.Release|Any CPU.ActiveCfg = Release|Any CPU
		{6ECB03FB-B515-4BDA-BE0F-AD77BB450071}.Release|Any CPU.Build.0 = Release|Any CPU
		{6ECB03FB-B515-4BDA-BE0F-AD77BB450071}.Release|x64.ActiveCfg = Release|Any CPU
		{6ECB03FB-B515-4BDA-BE0F-AD77BB450071}.Release|x64.Build.0 = Release|Any CPU
		{6ECB03FB-B515-4BDA-BE0F-AD77BB450071}.Release|x86.ActiveCfg = Release|Any CPU
		{6ECB03FB-B515-4BDA-BE0F-AD77BB450071}.Release|x86.Build.0 = Release|Any CPU
	EndGlobalSection
	GlobalSection(NestedProjects) = preSolution
		{4D14C6B1-39A8-4306-A3CE-03EE72A9C85C} = {2F102156-8D2C-4502-ADF3-C181063D2ECB}
		{121F8884-5570-40A9-86E3-48D3D6F33E8C} = {2F102156-8D2C-4502-ADF3-C181063D2ECB}
		{D8CC1B24-F096-450A-AD71-B283A8F3B1AA} = {2F102156-8D2C-4502-ADF3-C181063D2ECB}
		{6ECB03FB-B515-4BDA-BE0F-AD77BB450071} = {2F102156-8D2C-4502-ADF3-C181063D2ECB}
	EndGlobalSection
EndGlobal
